
Microsoft Visual Studio Solution File, Format Version 12.00
# Visual Studio 15
VisualStudioVersion = 15.0.28010.2026
MinimumVisualStudioVersion = 10.0.40219.1
Project("{FAE04EC0-301F-11D3-BF4B-00C04F79EFBC}") = "examLIFO", "examLIFO\examLIFO.csproj", "{AD9A7E83-7A3A-4308-BCCA-B7448C08118D}"
EndProject
Global
	GlobalSection(SolutionConfigurationPlatforms) = preSolution
		Debug|Any CPU = Debug|Any CPU
		Release|Any CPU = Release|Any CPU
	EndGlobalSection
	GlobalSection(ProjectConfigurationPlatforms) = postSolution
		{AD9A7E83-7A3A-4308-BCCA-B7448C08118D}.Debug|Any CPU.ActiveCfg = Debug|Any CPU
		{AD9A7E83-7A3A-4308-BCCA-B7448C08118D}.Debug|Any CPU.Build.0 = Debug|Any CPU
		{AD9A7E83-7A3A-4308-BCCA-B7448C08118D}.Release|Any CPU.ActiveCfg = Release|Any CPU
		{AD9A7E83-7A3A-4308-BCCA-B7448C08118D}.Release|Any CPU.Build.0 = Release|Any CPU
	EndGlobalSection
	GlobalSection(SolutionProperties) = preSolution
		HideSolutionNode = FALSE
	EndGlobalSection
	GlobalSection(ExtensibilityGlobals) = postSolution
		SolutionGuid = {B29E3359-4003-4F12-A432-922258C19DCF}
	EndGlobalSection
EndGlobal
